
Microsoft Visual Studio Solution File, Format Version 12.00
# Visual Studio Version 17
VisualStudioVersion = 17.11.35327.3
MinimumVisualStudioVersion = 10.0.40219.1
Project("{FAE04EC0-301F-11D3-BF4B-00C04F79EFBC}") = "DiscontMarket.Domain", "DiscontMarket\DiscontMarket.Domain.csproj", "{FC06E97F-8CB2-4A1A-AB78-93511E3DE14B}"
EndProject
Project("{2150E333-8FDC-42A3-9474-1A3956D46DE8}") = "DATA", "DATA", "{A4F1782C-6404-4549-9005-7DCC86E27919}"
EndProject
Project("{2150E333-8FDC-42A3-9474-1A3956D46DE8}") = "Helpers", "Helpers", "{64CDB3AD-2B68-408A-B1D6-EC0CB47D2EEF}"
EndProject
Project("{2150E333-8FDC-42A3-9474-1A3956D46DE8}") = "WebApi", "WebApi", "{62DD8CF1-B678-4FB9-8494-5BEAA2DB1911}"
EndProject
Project("{2150E333-8FDC-42A3-9474-1A3956D46DE8}") = "Domain", "Domain", "{729F3B9F-B939-4DB4-A215-9B1D3146F6FD}"
EndProject
Global
	GlobalSection(SolutionConfigurationPlatforms) = preSolution
		Debug|Any CPU = Debug|Any CPU
		Release|Any CPU = Release|Any CPU
	EndGlobalSection
	GlobalSection(ProjectConfigurationPlatforms) = postSolution
		{FC06E97F-8CB2-4A1A-AB78-93511E3DE14B}.Debug|Any CPU.ActiveCfg = Debug|Any CPU
		{FC06E97F-8CB2-4A1A-AB78-93511E3DE14B}.Debug|Any CPU.Build.0 = Debug|Any CPU
		{FC06E97F-8CB2-4A1A-AB78-93511E3DE14B}.Release|Any CPU.ActiveCfg = Release|Any CPU
		{FC06E97F-8CB2-4A1A-AB78-93511E3DE14B}.Release|Any CPU.Build.0 = Release|Any CPU
	EndGlobalSection
	GlobalSection(SolutionProperties) = preSolution
		HideSolutionNode = FALSE
	EndGlobalSection
	GlobalSection(NestedProjects) = preSolution
		{FC06E97F-8CB2-4A1A-AB78-93511E3DE14B} = {729F3B9F-B939-4DB4-A215-9B1D3146F6FD}
		{729F3B9F-B939-4DB4-A215-9B1D3146F6FD} = {A4F1782C-6404-4549-9005-7DCC86E27919}
	EndGlobalSection
	GlobalSection(ExtensibilityGlobals) = postSolution
		SolutionGuid = {CB71C059-46F6-468A-9399-BB87A1003BAC}
	EndGlobalSection
EndGlobal
