
Microsoft Visual Studio Solution File, Format Version 12.00
# Visual Studio Version 17
VisualStudioVersion = 17.11.35327.3
MinimumVisualStudioVersion = 10.0.40219.1
Project("{9A19103F-16F7-4668-BE54-9A1E7A4F7556}") = "DiscontMarket.Domain", "DiscontMarket\DiscontMarket.Domain.csproj", "{FC06E97F-8CB2-4A1A-AB78-93511E3DE14B}"
EndProject
Project("{2150E333-8FDC-42A3-9474-1A3956D46DE8}") = "DATA", "DATA", "{A4F1782C-6404-4549-9005-7DCC86E27919}"
EndProject
Project("{2150E333-8FDC-42A3-9474-1A3956D46DE8}") = "Helpers", "Helpers", "{64CDB3AD-2B68-408A-B1D6-EC0CB47D2EEF}"
EndProject
Project("{2150E333-8FDC-42A3-9474-1A3956D46DE8}") = "WebApi", "WebApi", "{62DD8CF1-B678-4FB9-8494-5BEAA2DB1911}"
EndProject
Project("{2150E333-8FDC-42A3-9474-1A3956D46DE8}") = "Domain", "Domain", "{729F3B9F-B939-4DB4-A215-9B1D3146F6FD}"
EndProject
Project("{2150E333-8FDC-42A3-9474-1A3956D46DE8}") = "DataAccesLayer", "DataAccesLayer", "{90FE521B-63A7-416D-95A6-448603A70986}"
EndProject
Project("{2150E333-8FDC-42A3-9474-1A3956D46DE8}") = "BuisnessLogic", "BuisnessLogic", "{EF6B0069-FA87-471F-A51B-A54F7D3B359A}"
EndProject
Project("{9A19103F-16F7-4668-BE54-9A1E7A4F7556}") = "DiscontMarket.DAL", "DiscontMarket.DAL\DiscontMarket.DAL.csproj", "{F213115E-A161-4251-8B27-243EAF39DF20}"
EndProject
Project("{2150E333-8FDC-42A3-9474-1A3956D46DE8}") = "Validation", "Validation", "{EBC962AF-60E5-42E6-847F-7C915CAF1FE8}"
EndProject
Project("{9A19103F-16F7-4668-BE54-9A1E7A4F7556}") = "DiscontMarket.Validation", "DiscontMarket.Validation\DiscontMarket.Validation.csproj", "{96C51034-697A-4ED3-A525-2C93ACFF3605}"
EndProject
Project("{9A19103F-16F7-4668-BE54-9A1E7A4F7556}") = "DiscontMarket.Services", "DiscontMarket.Services\DiscontMarket.Services.csproj", "{4E10EA7E-8CE2-4600-A6D9-85956BFB5852}"
EndProject
Project("{2150E333-8FDC-42A3-9474-1A3956D46DE8}") = "API", "API", "{99121658-B2FF-487B-B7B8-DF50F7C07051}"
EndProject
Project("{2150E333-8FDC-42A3-9474-1A3956D46DE8}") = "Models", "Models", "{26EF017B-550E-40F5-9236-30A144203EA0}"
EndProject
Project("{9A19103F-16F7-4668-BE54-9A1E7A4F7556}") = "DiscontMarket.ApiModels", "DiscontMarket.ApiModels\DiscontMarket.ApiModels.csproj", "{5BFCA7E0-F126-4FF3-9E3E-847B2DD31061}"
EndProject
Project("{FAE04EC0-301F-11D3-BF4B-00C04F79EFBC}") = "DiscontMarket.API", "DiscontMarket.API\DiscontMarket.API.csproj", "{BB54E275-B1DC-42A5-85D9-07E7F53FC4DE}"
EndProject
Global
	GlobalSection(SolutionConfigurationPlatforms) = preSolution
		Debug|Any CPU = Debug|Any CPU
		Release|Any CPU = Release|Any CPU
	EndGlobalSection
	GlobalSection(ProjectConfigurationPlatforms) = postSolution
		{FC06E97F-8CB2-4A1A-AB78-93511E3DE14B}.Debug|Any CPU.ActiveCfg = Debug|Any CPU
		{FC06E97F-8CB2-4A1A-AB78-93511E3DE14B}.Debug|Any CPU.Build.0 = Debug|Any CPU
		{FC06E97F-8CB2-4A1A-AB78-93511E3DE14B}.Release|Any CPU.ActiveCfg = Release|Any CPU
		{FC06E97F-8CB2-4A1A-AB78-93511E3DE14B}.Release|Any CPU.Build.0 = Release|Any CPU
		{F213115E-A161-4251-8B27-243EAF39DF20}.Debug|Any CPU.ActiveCfg = Debug|Any CPU
		{F213115E-A161-4251-8B27-243EAF39DF20}.Debug|Any CPU.Build.0 = Debug|Any CPU
		{F213115E-A161-4251-8B27-243EAF39DF20}.Release|Any CPU.ActiveCfg = Release|Any CPU
		{F213115E-A161-4251-8B27-243EAF39DF20}.Release|Any CPU.Build.0 = Release|Any CPU
		{96C51034-697A-4ED3-A525-2C93ACFF3605}.Debug|Any CPU.ActiveCfg = Debug|Any CPU
		{96C51034-697A-4ED3-A525-2C93ACFF3605}.Debug|Any CPU.Build.0 = Debug|Any CPU
		{96C51034-697A-4ED3-A525-2C93ACFF3605}.Release|Any CPU.ActiveCfg = Release|Any CPU
		{96C51034-697A-4ED3-A525-2C93ACFF3605}.Release|Any CPU.Build.0 = Release|Any CPU
		{4E10EA7E-8CE2-4600-A6D9-85956BFB5852}.Debug|Any CPU.ActiveCfg = Debug|Any CPU
		{4E10EA7E-8CE2-4600-A6D9-85956BFB5852}.Debug|Any CPU.Build.0 = Debug|Any CPU
		{4E10EA7E-8CE2-4600-A6D9-85956BFB5852}.Release|Any CPU.ActiveCfg = Release|Any CPU
		{4E10EA7E-8CE2-4600-A6D9-85956BFB5852}.Release|Any CPU.Build.0 = Release|Any CPU
		{5BFCA7E0-F126-4FF3-9E3E-847B2DD31061}.Debug|Any CPU.ActiveCfg = Debug|Any CPU
		{5BFCA7E0-F126-4FF3-9E3E-847B2DD31061}.Debug|Any CPU.Build.0 = Debug|Any CPU
		{5BFCA7E0-F126-4FF3-9E3E-847B2DD31061}.Release|Any CPU.ActiveCfg = Release|Any CPU
		{5BFCA7E0-F126-4FF3-9E3E-847B2DD31061}.Release|Any CPU.Build.0 = Release|Any CPU
		{BB54E275-B1DC-42A5-85D9-07E7F53FC4DE}.Debug|Any CPU.ActiveCfg = Debug|Any CPU
		{BB54E275-B1DC-42A5-85D9-07E7F53FC4DE}.Debug|Any CPU.Build.0 = Debug|Any CPU
		{BB54E275-B1DC-42A5-85D9-07E7F53FC4DE}.Release|Any CPU.ActiveCfg = Release|Any CPU
		{BB54E275-B1DC-42A5-85D9-07E7F53FC4DE}.Release|Any CPU.Build.0 = Release|Any CPU
	EndGlobalSection
	GlobalSection(SolutionProperties) = preSolution
		HideSolutionNode = FALSE
	EndGlobalSection
	GlobalSection(NestedProjects) = preSolution
		{FC06E97F-8CB2-4A1A-AB78-93511E3DE14B} = {729F3B9F-B939-4DB4-A215-9B1D3146F6FD}
		{729F3B9F-B939-4DB4-A215-9B1D3146F6FD} = {A4F1782C-6404-4549-9005-7DCC86E27919}
		{90FE521B-63A7-416D-95A6-448603A70986} = {A4F1782C-6404-4549-9005-7DCC86E27919}
		{EF6B0069-FA87-471F-A51B-A54F7D3B359A} = {A4F1782C-6404-4549-9005-7DCC86E27919}
		{F213115E-A161-4251-8B27-243EAF39DF20} = {90FE521B-63A7-416D-95A6-448603A70986}
		{EBC962AF-60E5-42E6-847F-7C915CAF1FE8} = {64CDB3AD-2B68-408A-B1D6-EC0CB47D2EEF}
		{96C51034-697A-4ED3-A525-2C93ACFF3605} = {EBC962AF-60E5-42E6-847F-7C915CAF1FE8}
		{4E10EA7E-8CE2-4600-A6D9-85956BFB5852} = {EF6B0069-FA87-471F-A51B-A54F7D3B359A}
		{99121658-B2FF-487B-B7B8-DF50F7C07051} = {62DD8CF1-B678-4FB9-8494-5BEAA2DB1911}
		{26EF017B-550E-40F5-9236-30A144203EA0} = {62DD8CF1-B678-4FB9-8494-5BEAA2DB1911}
		{5BFCA7E0-F126-4FF3-9E3E-847B2DD31061} = {26EF017B-550E-40F5-9236-30A144203EA0}
		{BB54E275-B1DC-42A5-85D9-07E7F53FC4DE} = {99121658-B2FF-487B-B7B8-DF50F7C07051}
	EndGlobalSection
	GlobalSection(ExtensibilityGlobals) = postSolution
		SolutionGuid = {CB71C059-46F6-468A-9399-BB87A1003BAC}
	EndGlobalSection
EndGlobal
