
Microsoft Visual Studio Solution File, Format Version 12.00
# Visual Studio Version 17
VisualStudioVersion = 17.11.35327.3
MinimumVisualStudioVersion = 10.0.40219.1
Project("{FAE04EC0-301F-11D3-BF4B-00C04F79EFBC}") = "DiscontMarket", "DiscontMarket\DiscontMarket.csproj", "{FC06E97F-8CB2-4A1A-AB78-93511E3DE14B}"
EndProject
Global
	GlobalSection(SolutionConfigurationPlatforms) = preSolution
		Debug|Any CPU = Debug|Any CPU
		Release|Any CPU = Release|Any CPU
	EndGlobalSection
	GlobalSection(ProjectConfigurationPlatforms) = postSolution
		{FC06E97F-8CB2-4A1A-AB78-93511E3DE14B}.Debug|Any CPU.ActiveCfg = Debug|Any CPU
		{FC06E97F-8CB2-4A1A-AB78-93511E3DE14B}.Debug|Any CPU.Build.0 = Debug|Any CPU
		{FC06E97F-8CB2-4A1A-AB78-93511E3DE14B}.Release|Any CPU.ActiveCfg = Release|Any CPU
		{FC06E97F-8CB2-4A1A-AB78-93511E3DE14B}.Release|Any CPU.Build.0 = Release|Any CPU
	EndGlobalSection
	GlobalSection(SolutionProperties) = preSolution
		HideSolutionNode = FALSE
	EndGlobalSection
	GlobalSection(ExtensibilityGlobals) = postSolution
		SolutionGuid = {CB71C059-46F6-468A-9399-BB87A1003BAC}
	EndGlobalSection
EndGlobal
